
Microsoft Visual Studio Solution File, Format Version 12.00
# Visual Studio Version 17
VisualStudioVersion = 17.2.32630.192
MinimumVisualStudioVersion = 10.0.40219.1
Project("{FAE04EC0-301F-11D3-BF4B-00C04F79EFBC}") = "gitconnect123", "gitconnect123\gitconnect123.csproj", "{716A71F9-2679-482E-9854-5AF8548D6155}"
EndProject
Global
	GlobalSection(SolutionConfigurationPlatforms) = preSolution
		Debug|Any CPU = Debug|Any CPU
		Release|Any CPU = Release|Any CPU
	EndGlobalSection
	GlobalSection(ProjectConfigurationPlatforms) = postSolution
		{716A71F9-2679-482E-9854-5AF8548D6155}.Debug|Any CPU.ActiveCfg = Debug|Any CPU
		{716A71F9-2679-482E-9854-5AF8548D6155}.Debug|Any CPU.Build.0 = Debug|Any CPU
		{716A71F9-2679-482E-9854-5AF8548D6155}.Release|Any CPU.ActiveCfg = Release|Any CPU
		{716A71F9-2679-482E-9854-5AF8548D6155}.Release|Any CPU.Build.0 = Release|Any CPU
	EndGlobalSection
	GlobalSection(SolutionProperties) = preSolution
		HideSolutionNode = FALSE
	EndGlobalSection
	GlobalSection(ExtensibilityGlobals) = postSolution
		SolutionGuid = {B174A594-FA2F-4678-AD41-B3DA6A891B5B}
	EndGlobalSection
EndGlobal
